
Microsoft Visual Studio Solution File, Format Version 12.00
# Visual Studio 14
VisualStudioVersion = 14.0.24720.0
MinimumVisualStudioVersion = 10.0.40219.1
Project("{FAE04EC0-301F-11D3-BF4B-00C04F79EFBC}") = "ritchell.library.model", "ritchell.library.model\ritchell.library.model.csproj", "{99D28668-0517-43E3-9812-235FC8C0F86B}"
EndProject
Project("{FAE04EC0-301F-11D3-BF4B-00C04F79EFBC}") = "ritchell.library.infrastructure", "ritchell.library.infrastructure\ritchell.library.infrastructure.csproj", "{141A8CB7-66F0-4AF7-A086-0648F5753110}"
EndProject
Project("{FAE04EC0-301F-11D3-BF4B-00C04F79EFBC}") = "ritchell.library.ui", "ritchell.library.ui\ritchell.library.ui.csproj", "{3EEE1708-42E1-4726-8ABA-03E19A23C07B}"
EndProject
Project("{FAE04EC0-301F-11D3-BF4B-00C04F79EFBC}") = "AlarmApp", "AlarmApp\AlarmApp.csproj", "{A6E00BE6-2AED-475A-8C4C-2ECC75FA770F}"
EndProject
Project("{FAE04EC0-301F-11D3-BF4B-00C04F79EFBC}") = "ritchell.library.ui.client", "ritchell.library.ui.client\ritchell.library.ui.client.csproj", "{B56EA2DD-59B6-4CB3-BEB9-72D037FC7871}"
EndProject
Project("{FAE04EC0-301F-11D3-BF4B-00C04F79EFBC}") = "ritchell.library.reporting", "ritchell.library.reporting\ritchell.library.reporting.csproj", "{879129A7-1FB8-4F7D-AE9B-F5E8099708C1}"
EndProject
Project("{FAE04EC0-301F-11D3-BF4B-00C04F79EFBC}") = "ritchell.library.presentation.common", "ritchell.library.presentation.common\ritchell.library.presentation.common.csproj", "{62168E2A-D814-4293-BCA3-4E5DFA8EB183}"
EndProject
Project("{2150E333-8FDC-42A3-9474-1A3956D46DE8}") = "Solution Items", "Solution Items", "{891B25F6-9521-459C-9620-60EBF064BECE}"
	ProjectSection(SolutionItems) = preProject
		requirements.docx = requirements.docx
	EndProjectSection
EndProject
Global
	GlobalSection(SolutionConfigurationPlatforms) = preSolution
		Debug|Any CPU = Debug|Any CPU
		Release|Any CPU = Release|Any CPU
	EndGlobalSection
	GlobalSection(ProjectConfigurationPlatforms) = postSolution
		{99D28668-0517-43E3-9812-235FC8C0F86B}.Debug|Any CPU.ActiveCfg = Debug|Any CPU
		{99D28668-0517-43E3-9812-235FC8C0F86B}.Debug|Any CPU.Build.0 = Debug|Any CPU
		{99D28668-0517-43E3-9812-235FC8C0F86B}.Release|Any CPU.ActiveCfg = Release|Any CPU
		{99D28668-0517-43E3-9812-235FC8C0F86B}.Release|Any CPU.Build.0 = Release|Any CPU
		{141A8CB7-66F0-4AF7-A086-0648F5753110}.Debug|Any CPU.ActiveCfg = Debug|Any CPU
		{141A8CB7-66F0-4AF7-A086-0648F5753110}.Debug|Any CPU.Build.0 = Debug|Any CPU
		{141A8CB7-66F0-4AF7-A086-0648F5753110}.Release|Any CPU.ActiveCfg = Release|Any CPU
		{141A8CB7-66F0-4AF7-A086-0648F5753110}.Release|Any CPU.Build.0 = Release|Any CPU
		{3EEE1708-42E1-4726-8ABA-03E19A23C07B}.Debug|Any CPU.ActiveCfg = Debug|Any CPU
		{3EEE1708-42E1-4726-8ABA-03E19A23C07B}.Debug|Any CPU.Build.0 = Debug|Any CPU
		{3EEE1708-42E1-4726-8ABA-03E19A23C07B}.Release|Any CPU.ActiveCfg = Release|Any CPU
		{3EEE1708-42E1-4726-8ABA-03E19A23C07B}.Release|Any CPU.Build.0 = Release|Any CPU
		{A6E00BE6-2AED-475A-8C4C-2ECC75FA770F}.Debug|Any CPU.ActiveCfg = Debug|Any CPU
		{A6E00BE6-2AED-475A-8C4C-2ECC75FA770F}.Debug|Any CPU.Build.0 = Debug|Any CPU
		{A6E00BE6-2AED-475A-8C4C-2ECC75FA770F}.Release|Any CPU.ActiveCfg = Release|Any CPU
		{A6E00BE6-2AED-475A-8C4C-2ECC75FA770F}.Release|Any CPU.Build.0 = Release|Any CPU
		{B56EA2DD-59B6-4CB3-BEB9-72D037FC7871}.Debug|Any CPU.ActiveCfg = Debug|Any CPU
		{B56EA2DD-59B6-4CB3-BEB9-72D037FC7871}.Debug|Any CPU.Build.0 = Debug|Any CPU
		{B56EA2DD-59B6-4CB3-BEB9-72D037FC7871}.Release|Any CPU.ActiveCfg = Release|Any CPU
		{B56EA2DD-59B6-4CB3-BEB9-72D037FC7871}.Release|Any CPU.Build.0 = Release|Any CPU
		{879129A7-1FB8-4F7D-AE9B-F5E8099708C1}.Debug|Any CPU.ActiveCfg = Debug|Any CPU
		{879129A7-1FB8-4F7D-AE9B-F5E8099708C1}.Debug|Any CPU.Build.0 = Debug|Any CPU
		{879129A7-1FB8-4F7D-AE9B-F5E8099708C1}.Release|Any CPU.ActiveCfg = Release|Any CPU
		{879129A7-1FB8-4F7D-AE9B-F5E8099708C1}.Release|Any CPU.Build.0 = Release|Any CPU
		{62168E2A-D814-4293-BCA3-4E5DFA8EB183}.Debug|Any CPU.ActiveCfg = Debug|Any CPU
		{62168E2A-D814-4293-BCA3-4E5DFA8EB183}.Debug|Any CPU.Build.0 = Debug|Any CPU
		{62168E2A-D814-4293-BCA3-4E5DFA8EB183}.Release|Any CPU.ActiveCfg = Release|Any CPU
		{62168E2A-D814-4293-BCA3-4E5DFA8EB183}.Release|Any CPU.Build.0 = Release|Any CPU
	EndGlobalSection
	GlobalSection(SolutionProperties) = preSolution
		HideSolutionNode = FALSE
	EndGlobalSection
EndGlobal
